
Microsoft Visual Studio Solution File, Format Version 12.00
# Visual Studio Version 17
VisualStudioVersion = 17.3.32519.111
MinimumVisualStudioVersion = 10.0.40219.1
Project("{FAE04EC0-301F-11D3-BF4B-00C04F79EFBC}") = "RTSCodingProjectDL", "RTSCodingProjectDL\RTSCodingProjectDL.csproj", "{01F8B63F-F597-4531-91F6-82341D7F87A9}"
EndProject
Project("{FAE04EC0-301F-11D3-BF4B-00C04F79EFBC}") = "RequiredMethodsTests", "RequiredMethodsTests\RequiredMethodsTests.csproj", "{49016F4B-D69D-4A97-9F29-F053140EF52B}"
EndProject
Global
	GlobalSection(SolutionConfigurationPlatforms) = preSolution
		Debug|Any CPU = Debug|Any CPU
		Release|Any CPU = Release|Any CPU
	EndGlobalSection
	GlobalSection(ProjectConfigurationPlatforms) = postSolution
		{01F8B63F-F597-4531-91F6-82341D7F87A9}.Debug|Any CPU.ActiveCfg = Debug|Any CPU
		{01F8B63F-F597-4531-91F6-82341D7F87A9}.Debug|Any CPU.Build.0 = Debug|Any CPU
		{01F8B63F-F597-4531-91F6-82341D7F87A9}.Release|Any CPU.ActiveCfg = Release|Any CPU
		{01F8B63F-F597-4531-91F6-82341D7F87A9}.Release|Any CPU.Build.0 = Release|Any CPU
		{49016F4B-D69D-4A97-9F29-F053140EF52B}.Debug|Any CPU.ActiveCfg = Debug|Any CPU
		{49016F4B-D69D-4A97-9F29-F053140EF52B}.Debug|Any CPU.Build.0 = Debug|Any CPU
		{49016F4B-D69D-4A97-9F29-F053140EF52B}.Release|Any CPU.ActiveCfg = Release|Any CPU
		{49016F4B-D69D-4A97-9F29-F053140EF52B}.Release|Any CPU.Build.0 = Release|Any CPU
	EndGlobalSection
	GlobalSection(SolutionProperties) = preSolution
		HideSolutionNode = FALSE
	EndGlobalSection
	GlobalSection(ExtensibilityGlobals) = postSolution
		SolutionGuid = {043683EF-C2CF-40FA-B929-66B08760E97E}
	EndGlobalSection
EndGlobal
